// !$*UTF8*$!
{
	archiveVersion = 1;
	classes = {
	};
	objectVersion = 50;
	objects = {

/* Begin PBXBuildFile section */
		10AC479920D1B93A00B6CFF8 /* Waiters.swift in Sources */ = {isa = PBXBuildFile; fileRef = 10AC479820D1B93A00B6CFF8 /* Waiters.swift */; };
		EB75C7FB20D12CB8003F1980 /* XCTest.framework in Frameworks */ = {isa = PBXBuildFile; fileRef = EB75C7FA20D12CB8003F1980 /* XCTest.framework */; };
		EB884B0D20D12E9200F14EC2 /* XCUIElement+Elements.swift in Sources */ = {isa = PBXBuildFile; fileRef = EB884B0C20D12E9100F14EC2 /* XCUIElement+Elements.swift */; };
		EB9CD50920D25B8800A87E76 /* XCUIElementQuery+Elements.swift in Sources */ = {isa = PBXBuildFile; fileRef = EB9CD50820D25B8800A87E76 /* XCUIElementQuery+Elements.swift */; };
		EBC0E5D520CD827A00AE5CC1 /* iOSBenrinaAutomationHelpers.framework in Frameworks */ = {isa = PBXBuildFile; fileRef = EBC0E5CB20CD827A00AE5CC1 /* iOSBenrinaAutomationHelpers.framework */; };
		EBC0E5DC20CD827A00AE5CC1 /* iOSBenrinaAutomationHelpers.h in Headers */ = {isa = PBXBuildFile; fileRef = EBC0E5CE20CD827A00AE5CC1 /* iOSBenrinaAutomationHelpers.h */; settings = {ATTRIBUTES = (Public, ); }; };
		EBC0E5E620CD834600AE5CC1 /* PredicateBuilders.swift in Sources */ = {isa = PBXBuildFile; fileRef = EBC0E5E520CD834600AE5CC1 /* PredicateBuilders.swift */; };
		EBC0E5E820CD836600AE5CC1 /* ElementPredicatesTests.swift in Sources */ = {isa = PBXBuildFile; fileRef = EBC0E5E720CD836600AE5CC1 /* ElementPredicatesTests.swift */; };
		EBC0E5EA20CFE24900AE5CC1 /* ElementAttributesTests.swift in Sources */ = {isa = PBXBuildFile; fileRef = EBC0E5E920CFE24900AE5CC1 /* ElementAttributesTests.swift */; };
		EBC0E5EC20D0010F00AE5CC1 /* NSPredicateForElementPredicatesTests.swift in Sources */ = {isa = PBXBuildFile; fileRef = EBC0E5EB20D0010F00AE5CC1 /* NSPredicateForElementPredicatesTests.swift */; };
/* End PBXBuildFile section */

/* Begin PBXContainerItemProxy section */
		EBC0E5D620CD827A00AE5CC1 /* PBXContainerItemProxy */ = {
			isa = PBXContainerItemProxy;
			containerPortal = EBC0E5C220CD827A00AE5CC1 /* Project object */;
			proxyType = 1;
			remoteGlobalIDString = EBC0E5CA20CD827A00AE5CC1;
			remoteInfo = XCUIAutomationHelpers;
		};
/* End PBXContainerItemProxy section */

/* Begin PBXFileReference section */
		10AC479820D1B93A00B6CFF8 /* Waiters.swift */ = {isa = PBXFileReference; lastKnownFileType = sourcecode.swift; path = Waiters.swift; sourceTree = "<group>"; };
		EB75C7FA20D12CB8003F1980 /* XCTest.framework */ = {isa = PBXFileReference; lastKnownFileType = wrapper.framework; name = XCTest.framework; path = Platforms/iPhoneOS.platform/Developer/Library/Frameworks/XCTest.framework; sourceTree = DEVELOPER_DIR; };
		EB884B0C20D12E9100F14EC2 /* XCUIElement+Elements.swift */ = {isa = PBXFileReference; fileEncoding = 4; lastKnownFileType = sourcecode.swift; path = "XCUIElement+Elements.swift"; sourceTree = "<group>"; };
		EB9CD50820D25B8800A87E76 /* XCUIElementQuery+Elements.swift */ = {isa = PBXFileReference; lastKnownFileType = sourcecode.swift; path = "XCUIElementQuery+Elements.swift"; sourceTree = "<group>"; };
		EBC0E5CB20CD827A00AE5CC1 /* iOSBenrinaAutomationHelpers.framework */ = {isa = PBXFileReference; explicitFileType = wrapper.framework; includeInIndex = 0; path = iOSBenrinaAutomationHelpers.framework; sourceTree = BUILT_PRODUCTS_DIR; };
		EBC0E5CE20CD827A00AE5CC1 /* iOSBenrinaAutomationHelpers.h */ = {isa = PBXFileReference; lastKnownFileType = sourcecode.c.h; path = iOSBenrinaAutomationHelpers.h; sourceTree = "<group>"; };
		EBC0E5CF20CD827A00AE5CC1 /* Info.plist */ = {isa = PBXFileReference; lastKnownFileType = text.plist.xml; path = Info.plist; sourceTree = "<group>"; };
		EBC0E5D420CD827A00AE5CC1 /* iOSBenrinaAutomationHelpersTests.xctest */ = {isa = PBXFileReference; explicitFileType = wrapper.cfbundle; includeInIndex = 0; path = iOSBenrinaAutomationHelpersTests.xctest; sourceTree = BUILT_PRODUCTS_DIR; };
		EBC0E5DB20CD827A00AE5CC1 /* Info.plist */ = {isa = PBXFileReference; lastKnownFileType = text.plist.xml; path = Info.plist; sourceTree = "<group>"; };
		EBC0E5E520CD834600AE5CC1 /* PredicateBuilders.swift */ = {isa = PBXFileReference; lastKnownFileType = sourcecode.swift; path = PredicateBuilders.swift; sourceTree = "<group>"; };
		EBC0E5E720CD836600AE5CC1 /* ElementPredicatesTests.swift */ = {isa = PBXFileReference; lastKnownFileType = sourcecode.swift; path = ElementPredicatesTests.swift; sourceTree = "<group>"; };
		EBC0E5E920CFE24900AE5CC1 /* ElementAttributesTests.swift */ = {isa = PBXFileReference; lastKnownFileType = sourcecode.swift; path = ElementAttributesTests.swift; sourceTree = "<group>"; };
		EBC0E5EB20D0010F00AE5CC1 /* NSPredicateForElementPredicatesTests.swift */ = {isa = PBXFileReference; lastKnownFileType = sourcecode.swift; path = NSPredicateForElementPredicatesTests.swift; sourceTree = "<group>"; };
/* End PBXFileReference section */

/* Begin PBXFrameworksBuildPhase section */
		EBC0E5C820CD827A00AE5CC1 /* Frameworks */ = {
			isa = PBXFrameworksBuildPhase;
			buildActionMask = 2147483647;
			files = (
				EB75C7FB20D12CB8003F1980 /* XCTest.framework in Frameworks */,
			);
			runOnlyForDeploymentPostprocessing = 0;
		};
		EBC0E5D120CD827A00AE5CC1 /* Frameworks */ = {
			isa = PBXFrameworksBuildPhase;
			buildActionMask = 2147483647;
			files = (
				EBC0E5D520CD827A00AE5CC1 /* iOSBenrinaAutomationHelpers.framework in Frameworks */,
			);
			runOnlyForDeploymentPostprocessing = 0;
		};
/* End PBXFrameworksBuildPhase section */

/* Begin PBXGroup section */
		EB884B0720D12C5400F14EC2 /* Frameworks */ = {
			isa = PBXGroup;
			children = (
				EB75C7FA20D12CB8003F1980 /* XCTest.framework */,
			);
			name = Frameworks;
			sourceTree = "<group>";
		};
		EBC0E5C120CD827A00AE5CC1 = {
			isa = PBXGroup;
			children = (
				EBC0E5CD20CD827A00AE5CC1 /* iOSBenrinaAutomationHelpers */,
				EBC0E5D820CD827A00AE5CC1 /* iOSBenrinaAutomationHelpersTests */,
				EBC0E5CC20CD827A00AE5CC1 /* Products */,
				EB884B0720D12C5400F14EC2 /* Frameworks */,
			);
			sourceTree = "<group>";
		};
		EBC0E5CC20CD827A00AE5CC1 /* Products */ = {
			isa = PBXGroup;
			children = (
				EBC0E5CB20CD827A00AE5CC1 /* iOSBenrinaAutomationHelpers.framework */,
				EBC0E5D420CD827A00AE5CC1 /* iOSBenrinaAutomationHelpersTests.xctest */,
			);
			name = Products;
			sourceTree = "<group>";
		};
		EBC0E5CD20CD827A00AE5CC1 /* iOSBenrinaAutomationHelpers */ = {
			isa = PBXGroup;
			children = (
				EBC0E5CE20CD827A00AE5CC1 /* iOSBenrinaAutomationHelpers.h */,
				EBC0E5CF20CD827A00AE5CC1 /* Info.plist */,
				EBC0E5E520CD834600AE5CC1 /* PredicateBuilders.swift */,
				10AC479820D1B93A00B6CFF8 /* Waiters.swift */,
				EB884B0C20D12E9100F14EC2 /* XCUIElement+Elements.swift */,
				EB9CD50820D25B8800A87E76 /* XCUIElementQuery+Elements.swift */,
			);
			path = iOSBenrinaAutomationHelpers;
			sourceTree = "<group>";
		};
		EBC0E5D820CD827A00AE5CC1 /* iOSBenrinaAutomationHelpersTests */ = {
			isa = PBXGroup;
			children = (
				EBC0E5DB20CD827A00AE5CC1 /* Info.plist */,
				EBC0E5E720CD836600AE5CC1 /* ElementPredicatesTests.swift */,
				EBC0E5E920CFE24900AE5CC1 /* ElementAttributesTests.swift */,
				EBC0E5EB20D0010F00AE5CC1 /* NSPredicateForElementPredicatesTests.swift */,
			);
			path = iOSBenrinaAutomationHelpersTests;
			sourceTree = "<group>";
		};
/* End PBXGroup section */

/* Begin PBXHeadersBuildPhase section */
		EBC0E5C620CD827A00AE5CC1 /* Headers */ = {
			isa = PBXHeadersBuildPhase;
			buildActionMask = 2147483647;
			files = (
				EBC0E5DC20CD827A00AE5CC1 /* iOSBenrinaAutomationHelpers.h in Headers */,
			);
			runOnlyForDeploymentPostprocessing = 0;
		};
/* End PBXHeadersBuildPhase section */

/* Begin PBXNativeTarget section */
		EBC0E5CA20CD827A00AE5CC1 /* iOSBenrinaAutomationHelpers */ = {
			isa = PBXNativeTarget;
			buildConfigurationList = EBC0E5DF20CD827A00AE5CC1 /* Build configuration list for PBXNativeTarget "iOSBenrinaAutomationHelpers" */;
			buildPhases = (
				EBC0E5C620CD827A00AE5CC1 /* Headers */,
				EBC0E5C720CD827A00AE5CC1 /* Sources */,
				EBC0E5C820CD827A00AE5CC1 /* Frameworks */,
				EBC0E5C920CD827A00AE5CC1 /* Resources */,
			);
			buildRules = (
			);
			dependencies = (
			);
			name = iOSBenrinaAutomationHelpers;
			productName = XCUIAutomationHelpers;
			productReference = EBC0E5CB20CD827A00AE5CC1 /* iOSBenrinaAutomationHelpers.framework */;
			productType = "com.apple.product-type.framework";
		};
		EBC0E5D320CD827A00AE5CC1 /* iOSBenrinaAutomationHelpersTests */ = {
			isa = PBXNativeTarget;
			buildConfigurationList = EBC0E5E220CD827A00AE5CC1 /* Build configuration list for PBXNativeTarget "iOSBenrinaAutomationHelpersTests" */;
			buildPhases = (
				EBC0E5D020CD827A00AE5CC1 /* Sources */,
				EBC0E5D120CD827A00AE5CC1 /* Frameworks */,
				EBC0E5D220CD827A00AE5CC1 /* Resources */,
			);
			buildRules = (
			);
			dependencies = (
				EBC0E5D720CD827A00AE5CC1 /* PBXTargetDependency */,
			);
			name = iOSBenrinaAutomationHelpersTests;
			productName = XCUIAutomationHelpersTests;
			productReference = EBC0E5D420CD827A00AE5CC1 /* iOSBenrinaAutomationHelpersTests.xctest */;
			productType = "com.apple.product-type.bundle.unit-test";
		};
/* End PBXNativeTarget section */

/* Begin PBXProject section */
		EBC0E5C220CD827A00AE5CC1 /* Project object */ = {
			isa = PBXProject;
			attributes = {
				LastSwiftUpdateCheck = 1000;
				LastUpgradeCheck = 1000;
				ORGANIZATIONNAME = "Pavel Balint";
				TargetAttributes = {
					EBC0E5CA20CD827A00AE5CC1 = {
						CreatedOnToolsVersion = 10.0;
						LastSwiftMigration = 1000;
					};
					EBC0E5D320CD827A00AE5CC1 = {
						CreatedOnToolsVersion = 10.0;
					};
				};
			};
			buildConfigurationList = EBC0E5C520CD827A00AE5CC1 /* Build configuration list for PBXProject "iOSBenrinaAutomationHelpers" */;
			compatibilityVersion = "Xcode 9.3";
			developmentRegion = en;
			hasScannedForEncodings = 0;
			knownRegions = (
				en,
			);
			mainGroup = EBC0E5C120CD827A00AE5CC1;
			productRefGroup = EBC0E5CC20CD827A00AE5CC1 /* Products */;
			projectDirPath = "";
			projectRoot = "";
			targets = (
				EBC0E5CA20CD827A00AE5CC1 /* iOSBenrinaAutomationHelpers */,
				EBC0E5D320CD827A00AE5CC1 /* iOSBenrinaAutomationHelpersTests */,
			);
		};
/* End PBXProject section */

/* Begin PBXResourcesBuildPhase section */
		EBC0E5C920CD827A00AE5CC1 /* Resources */ = {
			isa = PBXResourcesBuildPhase;
			buildActionMask = 2147483647;
			files = (
			);
			runOnlyForDeploymentPostprocessing = 0;
		};
		EBC0E5D220CD827A00AE5CC1 /* Resources */ = {
			isa = PBXResourcesBuildPhase;
			buildActionMask = 2147483647;
			files = (
			);
			runOnlyForDeploymentPostprocessing = 0;
		};
/* End PBXResourcesBuildPhase section */

/* Begin PBXSourcesBuildPhase section */
		EBC0E5C720CD827A00AE5CC1 /* Sources */ = {
			isa = PBXSourcesBuildPhase;
			buildActionMask = 2147483647;
			files = (
				10AC479920D1B93A00B6CFF8 /* Waiters.swift in Sources */,
				EB884B0D20D12E9200F14EC2 /* XCUIElement+Elements.swift in Sources */,
				EBC0E5E620CD834600AE5CC1 /* PredicateBuilders.swift in Sources */,
				EB9CD50920D25B8800A87E76 /* XCUIElementQuery+Elements.swift in Sources */,
			);
			runOnlyForDeploymentPostprocessing = 0;
		};
		EBC0E5D020CD827A00AE5CC1 /* Sources */ = {
			isa = PBXSourcesBuildPhase;
			buildActionMask = 2147483647;
			files = (
				EBC0E5EC20D0010F00AE5CC1 /* NSPredicateForElementPredicatesTests.swift in Sources */,
				EBC0E5E820CD836600AE5CC1 /* ElementPredicatesTests.swift in Sources */,
				EBC0E5EA20CFE24900AE5CC1 /* ElementAttributesTests.swift in Sources */,
			);
			runOnlyForDeploymentPostprocessing = 0;
		};
/* End PBXSourcesBuildPhase section */

/* Begin PBXTargetDependency section */
		EBC0E5D720CD827A00AE5CC1 /* PBXTargetDependency */ = {
			isa = PBXTargetDependency;
			target = EBC0E5CA20CD827A00AE5CC1 /* iOSBenrinaAutomationHelpers */;
			targetProxy = EBC0E5D620CD827A00AE5CC1 /* PBXContainerItemProxy */;
		};
/* End PBXTargetDependency section */

/* Begin XCBuildConfiguration section */
		EBC0E5DD20CD827A00AE5CC1 /* Debug */ = {
			isa = XCBuildConfiguration;
			buildSettings = {
				ALWAYS_SEARCH_USER_PATHS = NO;
				CLANG_ANALYZER_NONNULL = YES;
				CLANG_ANALYZER_NUMBER_OBJECT_CONVERSION = YES_AGGRESSIVE;
				CLANG_CXX_LANGUAGE_STANDARD = "gnu++14";
				CLANG_CXX_LIBRARY = "libc++";
				CLANG_ENABLE_MODULES = YES;
				CLANG_ENABLE_OBJC_ARC = YES;
				CLANG_ENABLE_OBJC_WEAK = YES;
				CLANG_WARN_BLOCK_CAPTURE_AUTORELEASING = YES;
				CLANG_WARN_BOOL_CONVERSION = YES;
				CLANG_WARN_COMMA = YES;
				CLANG_WARN_CONSTANT_CONVERSION = YES;
				CLANG_WARN_DEPRECATED_OBJC_IMPLEMENTATIONS = YES;
				CLANG_WARN_DIRECT_OBJC_ISA_USAGE = YES_ERROR;
				CLANG_WARN_DOCUMENTATION_COMMENTS = YES;
				CLANG_WARN_EMPTY_BODY = YES;
				CLANG_WARN_ENUM_CONVERSION = YES;
				CLANG_WARN_INFINITE_RECURSION = YES;
				CLANG_WARN_INT_CONVERSION = YES;
				CLANG_WARN_NON_LITERAL_NULL_CONVERSION = YES;
				CLANG_WARN_OBJC_IMPLICIT_RETAIN_SELF = YES;
				CLANG_WARN_OBJC_LITERAL_CONVERSION = YES;
				CLANG_WARN_OBJC_ROOT_CLASS = YES_ERROR;
				CLANG_WARN_RANGE_LOOP_ANALYSIS = YES;
				CLANG_WARN_STRICT_PROTOTYPES = YES;
				CLANG_WARN_SUSPICIOUS_MOVE = YES;
				CLANG_WARN_UNGUARDED_AVAILABILITY = YES_AGGRESSIVE;
				CLANG_WARN_UNREACHABLE_CODE = YES;
				CLANG_WARN__DUPLICATE_METHOD_MATCH = YES;
				CODE_SIGN_IDENTITY = "iPhone Developer";
				COPY_PHASE_STRIP = NO;
				CURRENT_PROJECT_VERSION = 1;
				DEBUG_INFORMATION_FORMAT = dwarf;
				ENABLE_STRICT_OBJC_MSGSEND = YES;
				ENABLE_TESTABILITY = YES;
				GCC_C_LANGUAGE_STANDARD = gnu11;
				GCC_DYNAMIC_NO_PIC = NO;
				GCC_NO_COMMON_BLOCKS = YES;
				GCC_OPTIMIZATION_LEVEL = 0;
				GCC_PREPROCESSOR_DEFINITIONS = (
					"DEBUG=1",
					"$(inherited)",
				);
				GCC_WARN_64_TO_32_BIT_CONVERSION = YES;
				GCC_WARN_ABOUT_RETURN_TYPE = YES_ERROR;
				GCC_WARN_UNDECLARED_SELECTOR = YES;
				GCC_WARN_UNINITIALIZED_AUTOS = YES_AGGRESSIVE;
				GCC_WARN_UNUSED_FUNCTION = YES;
				GCC_WARN_UNUSED_VARIABLE = YES;
				IPHONEOS_DEPLOYMENT_TARGET = 12.0;
				MTL_ENABLE_DEBUG_INFO = INCLUDE_SOURCE;
				ONLY_ACTIVE_ARCH = YES;
				SDKROOT = iphoneos;
				SWIFT_ACTIVE_COMPILATION_CONDITIONS = DEBUG;
				SWIFT_OPTIMIZATION_LEVEL = "-Onone";
				VERSIONING_SYSTEM = "apple-generic";
				VERSION_INFO_PREFIX = "";
			};
			name = Debug;
		};
		EBC0E5DE20CD827A00AE5CC1 /* Release */ = {
			isa = XCBuildConfiguration;
			buildSettings = {
				ALWAYS_SEARCH_USER_PATHS = NO;
				CLANG_ANALYZER_NONNULL = YES;
				CLANG_ANALYZER_NUMBER_OBJECT_CONVERSION = YES_AGGRESSIVE;
				CLANG_CXX_LANGUAGE_STANDARD = "gnu++14";
				CLANG_CXX_LIBRARY = "libc++";
				CLANG_ENABLE_MODULES = YES;
				CLANG_ENABLE_OBJC_ARC = YES;
				CLANG_ENABLE_OBJC_WEAK = YES;
				CLANG_WARN_BLOCK_CAPTURE_AUTORELEASING = YES;
				CLANG_WARN_BOOL_CONVERSION = YES;
				CLANG_WARN_COMMA = YES;
				CLANG_WARN_CONSTANT_CONVERSION = YES;
				CLANG_WARN_DEPRECATED_OBJC_IMPLEMENTATIONS = YES;
				CLANG_WARN_DIRECT_OBJC_ISA_USAGE = YES_ERROR;
				CLANG_WARN_DOCUMENTATION_COMMENTS = YES;
				CLANG_WARN_EMPTY_BODY = YES;
				CLANG_WARN_ENUM_CONVERSION = YES;
				CLANG_WARN_INFINITE_RECURSION = YES;
				CLANG_WARN_INT_CONVERSION = YES;
				CLANG_WARN_NON_LITERAL_NULL_CONVERSION = YES;
				CLANG_WARN_OBJC_IMPLICIT_RETAIN_SELF = YES;
				CLANG_WARN_OBJC_LITERAL_CONVERSION = YES;
				CLANG_WARN_OBJC_ROOT_CLASS = YES_ERROR;
				CLANG_WARN_RANGE_LOOP_ANALYSIS = YES;
				CLANG_WARN_STRICT_PROTOTYPES = YES;
				CLANG_WARN_SUSPICIOUS_MOVE = YES;
				CLANG_WARN_UNGUARDED_AVAILABILITY = YES_AGGRESSIVE;
				CLANG_WARN_UNREACHABLE_CODE = YES;
				CLANG_WARN__DUPLICATE_METHOD_MATCH = YES;
				CODE_SIGN_IDENTITY = "iPhone Developer";
				COPY_PHASE_STRIP = NO;
				CURRENT_PROJECT_VERSION = 1;
				DEBUG_INFORMATION_FORMAT = "dwarf-with-dsym";
				ENABLE_NS_ASSERTIONS = NO;
				ENABLE_STRICT_OBJC_MSGSEND = YES;
				GCC_C_LANGUAGE_STANDARD = gnu11;
				GCC_NO_COMMON_BLOCKS = YES;
				GCC_WARN_64_TO_32_BIT_CONVERSION = YES;
				GCC_WARN_ABOUT_RETURN_TYPE = YES_ERROR;
				GCC_WARN_UNDECLARED_SELECTOR = YES;
				GCC_WARN_UNINITIALIZED_AUTOS = YES_AGGRESSIVE;
				GCC_WARN_UNUSED_FUNCTION = YES;
				GCC_WARN_UNUSED_VARIABLE = YES;
				IPHONEOS_DEPLOYMENT_TARGET = 12.0;
				MTL_ENABLE_DEBUG_INFO = NO;
				SDKROOT = iphoneos;
				SWIFT_COMPILATION_MODE = wholemodule;
				SWIFT_OPTIMIZATION_LEVEL = "-O";
				VALIDATE_PRODUCT = YES;
				VERSIONING_SYSTEM = "apple-generic";
				VERSION_INFO_PREFIX = "";
			};
			name = Release;
		};
		EBC0E5E020CD827A00AE5CC1 /* Debug */ = {
			isa = XCBuildConfiguration;
			buildSettings = {
				CLANG_ENABLE_MODULES = YES;
				CODE_SIGN_IDENTITY = "";
				CODE_SIGN_STYLE = Automatic;
				DEFINES_MODULE = YES;
				DEVELOPMENT_TEAM = 8Q8LU726V7;
				DYLIB_COMPATIBILITY_VERSION = 1;
				DYLIB_CURRENT_VERSION = 1;
				DYLIB_INSTALL_NAME_BASE = "@rpath";
				ENABLE_BITCODE = NO;
				FRAMEWORK_SEARCH_PATHS = "$(PLATFORM_DIR)/Developer/Library/Frameworks";
				INFOPLIST_FILE = iOSBenrinaAutomationHelpers/Info.plist;
				INSTALL_PATH = "$(LOCAL_LIBRARY_DIR)/Frameworks";
				IPHONEOS_DEPLOYMENT_TARGET = 11.0;
				LD_RUNPATH_SEARCH_PATHS = (
					"$(inherited)",
					"@executable_path/Frameworks",
					"@loader_path/Frameworks",
				);
				OTHER_LDFLAGS = (
					"-weak_framework",
					XCTest,
					"-weak-lswiftXCTest",
				);
				PRODUCT_BUNDLE_IDENTIFIER = "com.balint-tsukahara.iOSBenrinaAutomationHelpers";
				PRODUCT_NAME = "$(TARGET_NAME:c99extidentifier)";
				SKIP_INSTALL = YES;
				SWIFT_OPTIMIZATION_LEVEL = "-Onone";
				SWIFT_VERSION = 4.0;
				TARGETED_DEVICE_FAMILY = "1,2";
			};
			name = Debug;
		};
		EBC0E5E120CD827A00AE5CC1 /* Release */ = {
			isa = XCBuildConfiguration;
			buildSettings = {
				CLANG_ENABLE_MODULES = YES;
				CODE_SIGN_IDENTITY = "";
				CODE_SIGN_STYLE = Automatic;
				DEFINES_MODULE = YES;
				DEVELOPMENT_TEAM = 8Q8LU726V7;
				DYLIB_COMPATIBILITY_VERSION = 1;
				DYLIB_CURRENT_VERSION = 1;
				DYLIB_INSTALL_NAME_BASE = "@rpath";
				ENABLE_BITCODE = NO;
				FRAMEWORK_SEARCH_PATHS = "$(PLATFORM_DIR)/Developer/Library/Frameworks";
				INFOPLIST_FILE = iOSBenrinaAutomationHelpers/Info.plist;
				INSTALL_PATH = "$(LOCAL_LIBRARY_DIR)/Frameworks";
				IPHONEOS_DEPLOYMENT_TARGET = 11.0;
				LD_RUNPATH_SEARCH_PATHS = (
					"$(inherited)",
					"@executable_path/Frameworks",
					"@loader_path/Frameworks",
				);
				OTHER_LDFLAGS = (
					"-weak_framework",
					XCTest,
					"-weak-lswiftXCTest",
				);
				PRODUCT_BUNDLE_IDENTIFIER = "com.balint-tsukahara.iOSBenrinaAutomationHelpers";
				PRODUCT_NAME = "$(TARGET_NAME:c99extidentifier)";
				SKIP_INSTALL = YES;
				SWIFT_VERSION = 4.0;
				TARGETED_DEVICE_FAMILY = "1,2";
			};
			name = Release;
		};
		EBC0E5E320CD827A00AE5CC1 /* Debug */ = {
			isa = XCBuildConfiguration;
			buildSettings = {
				ALWAYS_EMBED_SWIFT_STANDARD_LIBRARIES = YES;
				CODE_SIGN_STYLE = Automatic;
				DEVELOPMENT_TEAM = 8Q8LU726V7;
				INFOPLIST_FILE = iOSBenrinaAutomationHelpers/Info.plist;
				LD_RUNPATH_SEARCH_PATHS = (
					"$(inherited)",
					"@executable_path/Frameworks",
					"@loader_path/Frameworks",
				);
				PRODUCT_BUNDLE_IDENTIFIER = "com.balint-tsukaharaiOSBenrinaAutomationHelpers";
				PRODUCT_NAME = "$(TARGET_NAME)";
				SWIFT_VERSION = 4.2;
				TARGETED_DEVICE_FAMILY = "1,2";
			};
			name = Debug;
		};
		EBC0E5E420CD827A00AE5CC1 /* Release */ = {
			isa = XCBuildConfiguration;
			buildSettings = {
				ALWAYS_EMBED_SWIFT_STANDARD_LIBRARIES = YES;
				CODE_SIGN_STYLE = Automatic;
				DEVELOPMENT_TEAM = 8Q8LU726V7;
				INFOPLIST_FILE = iOSBenrinaAutomationHelpers/Info.plist;
				LD_RUNPATH_SEARCH_PATHS = (
					"$(inherited)",
					"@executable_path/Frameworks",
					"@loader_path/Frameworks",
				);
				PRODUCT_BUNDLE_IDENTIFIER = "com.balint-tsukaharaiOSBenrinaAutomationHelpers";
				PRODUCT_NAME = "$(TARGET_NAME)";
				SWIFT_VERSION = 4.2;
				TARGETED_DEVICE_FAMILY = "1,2";
			};
			name = Release;
		};
/* End XCBuildConfiguration section */

/* Begin XCConfigurationList section */
		EBC0E5C520CD827A00AE5CC1 /* Build configuration list for PBXProject "iOSBenrinaAutomationHelpers" */ = {
			isa = XCConfigurationList;
			buildConfigurations = (
				EBC0E5DD20CD827A00AE5CC1 /* Debug */,
				EBC0E5DE20CD827A00AE5CC1 /* Release */,
			);
			defaultConfigurationIsVisible = 0;
			defaultConfigurationName = Release;
		};
		EBC0E5DF20CD827A00AE5CC1 /* Build configuration list for PBXNativeTarget "iOSBenrinaAutomationHelpers" */ = {
			isa = XCConfigurationList;
			buildConfigurations = (
				EBC0E5E020CD827A00AE5CC1 /* Debug */,
				EBC0E5E120CD827A00AE5CC1 /* Release */,
			);
			defaultConfigurationIsVisible = 0;
			defaultConfigurationName = Release;
		};
		EBC0E5E220CD827A00AE5CC1 /* Build configuration list for PBXNativeTarget "iOSBenrinaAutomationHelpersTests" */ = {
			isa = XCConfigurationList;
			buildConfigurations = (
				EBC0E5E320CD827A00AE5CC1 /* Debug */,
				EBC0E5E420CD827A00AE5CC1 /* Release */,
			);
			defaultConfigurationIsVisible = 0;
			defaultConfigurationName = Release;
		};
/* End XCConfigurationList section */
	};
	rootObject = EBC0E5C220CD827A00AE5CC1 /* Project object */;
}
